// !$*UTF8*$!
{
	archiveVersion = 1;
	classes = {
	};
	objectVersion = 51;
	objects = {

/* Begin PBXBuildFile section */
		831322FB24FAE1D10006EECA /* PubNubCredentials.swift in Sources */ = {isa = PBXBuildFile; fileRef = 831322FA24FAE1D10006EECA /* PubNubCredentials.swift */; };
		8314CBB824F9672D0006E65E /* MessageAction.swift in Sources */ = {isa = PBXBuildFile; fileRef = 8314CBB724F9672D0006E65E /* MessageAction.swift */; };
		8314CBBA24F96E8F0006E65E /* Event.swift in Sources */ = {isa = PBXBuildFile; fileRef = 8314CBB924F96E8F0006E65E /* Event.swift */; };
		831685CC24F7215900E5F69F /* AppDelegate.swift in Sources */ = {isa = PBXBuildFile; fileRef = 831685CB24F7215900E5F69F /* AppDelegate.swift */; };
		831685CE24F7215900E5F69F /* SceneDelegate.swift in Sources */ = {isa = PBXBuildFile; fileRef = 831685CD24F7215900E5F69F /* SceneDelegate.swift */; };
		831685D024F7215900E5F69F /* ViewController.swift in Sources */ = {isa = PBXBuildFile; fileRef = 831685CF24F7215900E5F69F /* ViewController.swift */; };
		831685D324F7215900E5F69F /* Main.storyboard in Resources */ = {isa = PBXBuildFile; fileRef = 831685D124F7215900E5F69F /* Main.storyboard */; };
		831685D524F7215B00E5F69F /* Assets.xcassets in Resources */ = {isa = PBXBuildFile; fileRef = 831685D424F7215B00E5F69F /* Assets.xcassets */; };
		831685D824F7215B00E5F69F /* LaunchScreen.storyboard in Resources */ = {isa = PBXBuildFile; fileRef = 831685D624F7215B00E5F69F /* LaunchScreen.storyboard */; };
		8319179D24FAF452008389C8 /* PubNubEventManager.swift in Sources */ = {isa = PBXBuildFile; fileRef = 8319179C24FAF452008389C8 /* PubNubEventManager.swift */; };
		8355F2BF24F87907006B4BBF /* Message.swift in Sources */ = {isa = PBXBuildFile; fileRef = 8355F2BE24F87907006B4BBF /* Message.swift */; };
		8355F2C224F87955006B4BBF /* Signal.swift in Sources */ = {isa = PBXBuildFile; fileRef = 8355F2C124F87955006B4BBF /* Signal.swift */; };
		8355F2C424F87986006B4BBF /* ChatController.swift in Sources */ = {isa = PBXBuildFile; fileRef = 8355F2C324F87986006B4BBF /* ChatController.swift */; };
		8355F2C924F88A53006B4BBF /* BubbleLabel.swift in Sources */ = {isa = PBXBuildFile; fileRef = 8355F2C824F88A53006B4BBF /* BubbleLabel.swift */; };
		83BE85D724F8166700423107 /* MessageCell.swift in Sources */ = {isa = PBXBuildFile; fileRef = 83BE85D624F8166700423107 /* MessageCell.swift */; };
		863E329404444CC49D1BFAE4 /* Pods_PubNubClient.framework in Frameworks */ = {isa = PBXBuildFile; fileRef = C7683B4CD9A9E416E7664713 /* Pods_PubNubClient.framework */; };
/* End PBXBuildFile section */

/* Begin PBXFileReference section */
		831322FA24FAE1D10006EECA /* PubNubCredentials.swift */ = {isa = PBXFileReference; lastKnownFileType = sourcecode.swift; path = PubNubCredentials.swift; sourceTree = "<group>"; };
		8314CBB724F9672D0006E65E /* MessageAction.swift */ = {isa = PBXFileReference; lastKnownFileType = sourcecode.swift; path = MessageAction.swift; sourceTree = "<group>"; };
		8314CBB924F96E8F0006E65E /* Event.swift */ = {isa = PBXFileReference; lastKnownFileType = sourcecode.swift; path = Event.swift; sourceTree = "<group>"; };
		831685C824F7215900E5F69F /* PubNubClient.app */ = {isa = PBXFileReference; explicitFileType = wrapper.application; includeInIndex = 0; path = PubNubClient.app; sourceTree = BUILT_PRODUCTS_DIR; };
		831685CB24F7215900E5F69F /* AppDelegate.swift */ = {isa = PBXFileReference; lastKnownFileType = sourcecode.swift; path = AppDelegate.swift; sourceTree = "<group>"; };
		831685CD24F7215900E5F69F /* SceneDelegate.swift */ = {isa = PBXFileReference; lastKnownFileType = sourcecode.swift; path = SceneDelegate.swift; sourceTree = "<group>"; };
		831685CF24F7215900E5F69F /* ViewController.swift */ = {isa = PBXFileReference; lastKnownFileType = sourcecode.swift; path = ViewController.swift; sourceTree = "<group>"; };
		831685D224F7215900E5F69F /* Base */ = {isa = PBXFileReference; lastKnownFileType = file.storyboard; name = Base; path = Base.lproj/Main.storyboard; sourceTree = "<group>"; };
		831685D424F7215B00E5F69F /* Assets.xcassets */ = {isa = PBXFileReference; lastKnownFileType = folder.assetcatalog; path = Assets.xcassets; sourceTree = "<group>"; };
		831685D724F7215B00E5F69F /* Base */ = {isa = PBXFileReference; lastKnownFileType = file.storyboard; name = Base; path = Base.lproj/LaunchScreen.storyboard; sourceTree = "<group>"; };
		831685D924F7215B00E5F69F /* Info.plist */ = {isa = PBXFileReference; lastKnownFileType = text.plist.xml; path = Info.plist; sourceTree = "<group>"; };
		8319179C24FAF452008389C8 /* PubNubEventManager.swift */ = {isa = PBXFileReference; lastKnownFileType = sourcecode.swift; path = PubNubEventManager.swift; sourceTree = "<group>"; };
		8355F2BE24F87907006B4BBF /* Message.swift */ = {isa = PBXFileReference; lastKnownFileType = sourcecode.swift; path = Message.swift; sourceTree = "<group>"; };
		8355F2C124F87955006B4BBF /* Signal.swift */ = {isa = PBXFileReference; lastKnownFileType = sourcecode.swift; path = Signal.swift; sourceTree = "<group>"; };
		8355F2C324F87986006B4BBF /* ChatController.swift */ = {isa = PBXFileReference; lastKnownFileType = sourcecode.swift; path = ChatController.swift; sourceTree = "<group>"; };
		8355F2C824F88A53006B4BBF /* BubbleLabel.swift */ = {isa = PBXFileReference; fileEncoding = 4; lastKnownFileType = sourcecode.swift; path = BubbleLabel.swift; sourceTree = "<group>"; };
		83BE85D624F8166700423107 /* MessageCell.swift */ = {isa = PBXFileReference; lastKnownFileType = sourcecode.swift; path = MessageCell.swift; sourceTree = "<group>"; };
		C7683B4CD9A9E416E7664713 /* Pods_PubNubClient.framework */ = {isa = PBXFileReference; explicitFileType = wrapper.framework; includeInIndex = 0; path = Pods_PubNubClient.framework; sourceTree = BUILT_PRODUCTS_DIR; };
		D46F94EF92E87A9D54B1F210 /* Pods-PubNubClient.debug.xcconfig */ = {isa = PBXFileReference; includeInIndex = 1; lastKnownFileType = text.xcconfig; name = "Pods-PubNubClient.debug.xcconfig"; path = "Target Support Files/Pods-PubNubClient/Pods-PubNubClient.debug.xcconfig"; sourceTree = "<group>"; };
		FDD5232C23DADE070226936E /* Pods-PubNubClient.release.xcconfig */ = {isa = PBXFileReference; includeInIndex = 1; lastKnownFileType = text.xcconfig; name = "Pods-PubNubClient.release.xcconfig"; path = "Target Support Files/Pods-PubNubClient/Pods-PubNubClient.release.xcconfig"; sourceTree = "<group>"; };
/* End PBXFileReference section */

/* Begin PBXFrameworksBuildPhase section */
		831685C524F7215900E5F69F /* Frameworks */ = {
			isa = PBXFrameworksBuildPhase;
			buildActionMask = 2147483647;
			files = (
				863E329404444CC49D1BFAE4 /* Pods_PubNubClient.framework in Frameworks */,
			);
			runOnlyForDeploymentPostprocessing = 0;
		};
/* End PBXFrameworksBuildPhase section */

/* Begin PBXGroup section */
		0F9A4D559CF4FF8AEFF7786B /* Pods */ = {
			isa = PBXGroup;
			children = (
				D46F94EF92E87A9D54B1F210 /* Pods-PubNubClient.debug.xcconfig */,
				FDD5232C23DADE070226936E /* Pods-PubNubClient.release.xcconfig */,
			);
			path = Pods;
			sourceTree = "<group>";
		};
		831322FC24FAE26A0006EECA /* Private */ = {
			isa = PBXGroup;
			children = (
				831322FA24FAE1D10006EECA /* PubNubCredentials.swift */,
			);
			path = Private;
			sourceTree = "<group>";
		};
		831685BF24F7215900E5F69F = {
			isa = PBXGroup;
			children = (
				831685CA24F7215900E5F69F /* PubNubClient */,
				831685C924F7215900E5F69F /* Products */,
				0F9A4D559CF4FF8AEFF7786B /* Pods */,
				85E31FC0789BCDDB726ADBF9 /* Frameworks */,
			);
			sourceTree = "<group>";
		};
		831685C924F7215900E5F69F /* Products */ = {
			isa = PBXGroup;
			children = (
				831685C824F7215900E5F69F /* PubNubClient.app */,
			);
			name = Products;
			sourceTree = "<group>";
		};
		831685CA24F7215900E5F69F /* PubNubClient */ = {
			isa = PBXGroup;
			children = (
				831322FC24FAE26A0006EECA /* Private */,
				8355F2C724F881AE006B4BBF /* Support files */,
				8355F2C624F88189006B4BBF /* App lifecycle */,
				8355F2C024F8790F006B4BBF /* Models */,
				8355F2BD24F878E2006B4BBF /* Views */,
				8355F2C524F8798C006B4BBF /* Controller */,
			);
			path = PubNubClient;
			sourceTree = "<group>";
		};
		8355F2BD24F878E2006B4BBF /* Views */ = {
			isa = PBXGroup;
			children = (
				831685CF24F7215900E5F69F /* ViewController.swift */,
				83BE85D624F8166700423107 /* MessageCell.swift */,
				8355F2C824F88A53006B4BBF /* BubbleLabel.swift */,
			);
			path = Views;
			sourceTree = "<group>";
		};
		8355F2C024F8790F006B4BBF /* Models */ = {
			isa = PBXGroup;
			children = (
				8314CBB924F96E8F0006E65E /* Event.swift */,
				8355F2BE24F87907006B4BBF /* Message.swift */,
				8314CBB724F9672D0006E65E /* MessageAction.swift */,
				8355F2C124F87955006B4BBF /* Signal.swift */,
			);
			path = Models;
			sourceTree = "<group>";
		};
		8355F2C524F8798C006B4BBF /* Controller */ = {
			isa = PBXGroup;
			children = (
				8355F2C324F87986006B4BBF /* ChatController.swift */,
				8319179C24FAF452008389C8 /* PubNubEventManager.swift */,
			);
			path = Controller;
			sourceTree = "<group>";
		};
		8355F2C624F88189006B4BBF /* App lifecycle */ = {
			isa = PBXGroup;
			children = (
				831685CB24F7215900E5F69F /* AppDelegate.swift */,
				831685CD24F7215900E5F69F /* SceneDelegate.swift */,
			);
			path = "App lifecycle";
			sourceTree = "<group>";
		};
		8355F2C724F881AE006B4BBF /* Support files */ = {
			isa = PBXGroup;
			children = (
				831685D124F7215900E5F69F /* Main.storyboard */,
				831685D424F7215B00E5F69F /* Assets.xcassets */,
				831685D624F7215B00E5F69F /* LaunchScreen.storyboard */,
				831685D924F7215B00E5F69F /* Info.plist */,
			);
			name = "Support files";
			sourceTree = "<group>";
		};
		85E31FC0789BCDDB726ADBF9 /* Frameworks */ = {
			isa = PBXGroup;
			children = (
				C7683B4CD9A9E416E7664713 /* Pods_PubNubClient.framework */,
			);
			name = Frameworks;
			sourceTree = "<group>";
		};
/* End PBXGroup section */

/* Begin PBXNativeTarget section */
		831685C724F7215900E5F69F /* PubNubClient */ = {
			isa = PBXNativeTarget;
			buildConfigurationList = 831685DC24F7215B00E5F69F /* Build configuration list for PBXNativeTarget "PubNubClient" */;
			buildPhases = (
				7BE2820BEEF2708553894D22 /* [CP] Check Pods Manifest.lock */,
				831685C424F7215900E5F69F /* Sources */,
				831685C524F7215900E5F69F /* Frameworks */,
				831685C624F7215900E5F69F /* Resources */,
				5A2C2F2DCC5D4F34F88A6D7E /* [CP] Embed Pods Frameworks */,
			);
			buildRules = (
			);
			dependencies = (
			);
			name = PubNubClient;
			productName = PubNubClient;
			productReference = 831685C824F7215900E5F69F /* PubNubClient.app */;
			productType = "com.apple.product-type.application";
		};
/* End PBXNativeTarget section */

/* Begin PBXProject section */
		831685C024F7215900E5F69F /* Project object */ = {
			isa = PBXProject;
			attributes = {
				LastSwiftUpdateCheck = 1160;
				LastUpgradeCheck = 1200;
				ORGANIZATIONNAME = "Robert Ryan";
				TargetAttributes = {
					831685C724F7215900E5F69F = {
						CreatedOnToolsVersion = 11.6;
					};
				};
			};
			buildConfigurationList = 831685C324F7215900E5F69F /* Build configuration list for PBXProject "PubNubClient" */;
			compatibilityVersion = "Xcode 9.3";
			developmentRegion = en;
			hasScannedForEncodings = 0;
			knownRegions = (
				en,
				Base,
			);
			mainGroup = 831685BF24F7215900E5F69F;
			productRefGroup = 831685C924F7215900E5F69F /* Products */;
			projectDirPath = "";
			projectRoot = "";
			targets = (
				831685C724F7215900E5F69F /* PubNubClient */,
			);
		};
/* End PBXProject section */

/* Begin PBXResourcesBuildPhase section */
		831685C624F7215900E5F69F /* Resources */ = {
			isa = PBXResourcesBuildPhase;
			buildActionMask = 2147483647;
			files = (
				831685D824F7215B00E5F69F /* LaunchScreen.storyboard in Resources */,
				831685D524F7215B00E5F69F /* Assets.xcassets in Resources */,
				831685D324F7215900E5F69F /* Main.storyboard in Resources */,
			);
			runOnlyForDeploymentPostprocessing = 0;
		};
/* End PBXResourcesBuildPhase section */

/* Begin PBXShellScriptBuildPhase section */
		5A2C2F2DCC5D4F34F88A6D7E /* [CP] Embed Pods Frameworks */ = {
			isa = PBXShellScriptBuildPhase;
			buildActionMask = 2147483647;
			files = (
			);
			inputFileListPaths = (
				"${PODS_ROOT}/Target Support Files/Pods-PubNubClient/Pods-PubNubClient-frameworks-${CONFIGURATION}-input-files.xcfilelist",
			);
			name = "[CP] Embed Pods Frameworks";
			outputFileListPaths = (
				"${PODS_ROOT}/Target Support Files/Pods-PubNubClient/Pods-PubNubClient-frameworks-${CONFIGURATION}-output-files.xcfilelist",
			);
			runOnlyForDeploymentPostprocessing = 0;
			shellPath = /bin/sh;
			shellScript = "\"${PODS_ROOT}/Target Support Files/Pods-PubNubClient/Pods-PubNubClient-frameworks.sh\"\n";
			showEnvVarsInLog = 0;
		};
		7BE2820BEEF2708553894D22 /* [CP] Check Pods Manifest.lock */ = {
			isa = PBXShellScriptBuildPhase;
			buildActionMask = 2147483647;
			files = (
			);
			inputFileListPaths = (
			);
			inputPaths = (
				"${PODS_PODFILE_DIR_PATH}/Podfile.lock",
				"${PODS_ROOT}/Manifest.lock",
			);
			name = "[CP] Check Pods Manifest.lock";
			outputFileListPaths = (
			);
			outputPaths = (
				"$(DERIVED_FILE_DIR)/Pods-PubNubClient-checkManifestLockResult.txt",
			);
			runOnlyForDeploymentPostprocessing = 0;
			shellPath = /bin/sh;
			shellScript = "diff \"${PODS_PODFILE_DIR_PATH}/Podfile.lock\" \"${PODS_ROOT}/Manifest.lock\" > /dev/null\nif [ $? != 0 ] ; then\n    # print error to STDERR\n    echo \"error: The sandbox is not in sync with the Podfile.lock. Run 'pod install' or update your CocoaPods installation.\" >&2\n    exit 1\nfi\n# This output is used by Xcode 'outputs' to avoid re-running this script phase.\necho \"SUCCESS\" > \"${SCRIPT_OUTPUT_FILE_0}\"\n";
			showEnvVarsInLog = 0;
		};
/* End PBXShellScriptBuildPhase section */

/* Begin PBXSourcesBuildPhase section */
		831685C424F7215900E5F69F /* Sources */ = {
			isa = PBXSourcesBuildPhase;
			buildActionMask = 2147483647;
			files = (
				8355F2C924F88A53006B4BBF /* BubbleLabel.swift in Sources */,
				831685D024F7215900E5F69F /* ViewController.swift in Sources */,
				831322FB24FAE1D10006EECA /* PubNubCredentials.swift in Sources */,
				8355F2BF24F87907006B4BBF /* Message.swift in Sources */,
				8355F2C424F87986006B4BBF /* ChatController.swift in Sources */,
				8314CBBA24F96E8F0006E65E /* Event.swift in Sources */,
				8355F2C224F87955006B4BBF /* Signal.swift in Sources */,
				8314CBB824F9672D0006E65E /* MessageAction.swift in Sources */,
				83BE85D724F8166700423107 /* MessageCell.swift in Sources */,
				8319179D24FAF452008389C8 /* PubNubEventManager.swift in Sources */,
				831685CC24F7215900E5F69F /* AppDelegate.swift in Sources */,
				831685CE24F7215900E5F69F /* SceneDelegate.swift in Sources */,
			);
			runOnlyForDeploymentPostprocessing = 0;
		};
/* End PBXSourcesBuildPhase section */

/* Begin PBXVariantGroup section */
		831685D124F7215900E5F69F /* Main.storyboard */ = {
			isa = PBXVariantGroup;
			children = (
				831685D224F7215900E5F69F /* Base */,
			);
			name = Main.storyboard;
			sourceTree = "<group>";
		};
		831685D624F7215B00E5F69F /* LaunchScreen.storyboard */ = {
			isa = PBXVariantGroup;
			children = (
				831685D724F7215B00E5F69F /* Base */,
			);
			name = LaunchScreen.storyboard;
			sourceTree = "<group>";
		};
/* End PBXVariantGroup section */

/* Begin XCBuildConfiguration section */
		831685DA24F7215B00E5F69F /* Debug */ = {
			isa = XCBuildConfiguration;
			buildSettings = {
				ALWAYS_SEARCH_USER_PATHS = NO;
				CLANG_ANALYZER_NONNULL = YES;
				CLANG_ANALYZER_NUMBER_OBJECT_CONVERSION = YES_AGGRESSIVE;
				CLANG_CXX_LANGUAGE_STANDARD = "gnu++14";
				CLANG_CXX_LIBRARY = "libc++";
				CLANG_ENABLE_MODULES = YES;
				CLANG_ENABLE_OBJC_ARC = YES;
				CLANG_ENABLE_OBJC_WEAK = YES;
				CLANG_WARN_BLOCK_CAPTURE_AUTORELEASING = YES;
				CLANG_WARN_BOOL_CONVERSION = YES;
				CLANG_WARN_COMMA = YES;
				CLANG_WARN_CONSTANT_CONVERSION = YES;
				CLANG_WARN_DEPRECATED_OBJC_IMPLEMENTATIONS = YES;
				CLANG_WARN_DIRECT_OBJC_ISA_USAGE = YES_ERROR;
				CLANG_WARN_DOCUMENTATION_COMMENTS = YES;
				CLANG_WARN_EMPTY_BODY = YES;
				CLANG_WARN_ENUM_CONVERSION = YES;
				CLANG_WARN_INFINITE_RECURSION = YES;
				CLANG_WARN_INT_CONVERSION = YES;
				CLANG_WARN_NON_LITERAL_NULL_CONVERSION = YES;
				CLANG_WARN_OBJC_IMPLICIT_RETAIN_SELF = YES;
				CLANG_WARN_OBJC_LITERAL_CONVERSION = YES;
				CLANG_WARN_OBJC_ROOT_CLASS = YES_ERROR;
				CLANG_WARN_QUOTED_INCLUDE_IN_FRAMEWORK_HEADER = YES;
				CLANG_WARN_RANGE_LOOP_ANALYSIS = YES;
				CLANG_WARN_STRICT_PROTOTYPES = YES;
				CLANG_WARN_SUSPICIOUS_MOVE = YES;
				CLANG_WARN_UNGUARDED_AVAILABILITY = YES_AGGRESSIVE;
				CLANG_WARN_UNREACHABLE_CODE = YES;
				CLANG_WARN__DUPLICATE_METHOD_MATCH = YES;
				COPY_PHASE_STRIP = NO;
				DEBUG_INFORMATION_FORMAT = dwarf;
				ENABLE_STRICT_OBJC_MSGSEND = YES;
				ENABLE_TESTABILITY = YES;
				GCC_C_LANGUAGE_STANDARD = gnu11;
				GCC_DYNAMIC_NO_PIC = NO;
				GCC_NO_COMMON_BLOCKS = YES;
				GCC_OPTIMIZATION_LEVEL = 0;
				GCC_PREPROCESSOR_DEFINITIONS = (
					"DEBUG=1",
					"$(inherited)",
				);
				GCC_WARN_64_TO_32_BIT_CONVERSION = YES;
				GCC_WARN_ABOUT_RETURN_TYPE = YES_ERROR;
				GCC_WARN_UNDECLARED_SELECTOR = YES;
				GCC_WARN_UNINITIALIZED_AUTOS = YES_AGGRESSIVE;
				GCC_WARN_UNUSED_FUNCTION = YES;
				GCC_WARN_UNUSED_VARIABLE = YES;
				IPHONEOS_DEPLOYMENT_TARGET = 13.0;
				MTL_ENABLE_DEBUG_INFO = INCLUDE_SOURCE;
				MTL_FAST_MATH = YES;
				ONLY_ACTIVE_ARCH = YES;
				SDKROOT = iphoneos;
				SWIFT_ACTIVE_COMPILATION_CONDITIONS = DEBUG;
				SWIFT_OPTIMIZATION_LEVEL = "-Onone";
			};
			name = Debug;
		};
		831685DB24F7215B00E5F69F /* Release */ = {
			isa = XCBuildConfiguration;
			buildSettings = {
				ALWAYS_SEARCH_USER_PATHS = NO;
				CLANG_ANALYZER_NONNULL = YES;
				CLANG_ANALYZER_NUMBER_OBJECT_CONVERSION = YES_AGGRESSIVE;
				CLANG_CXX_LANGUAGE_STANDARD = "gnu++14";
				CLANG_CXX_LIBRARY = "libc++";
				CLANG_ENABLE_MODULES = YES;
				CLANG_ENABLE_OBJC_ARC = YES;
				CLANG_ENABLE_OBJC_WEAK = YES;
				CLANG_WARN_BLOCK_CAPTURE_AUTORELEASING = YES;
				CLANG_WARN_BOOL_CONVERSION = YES;
				CLANG_WARN_COMMA = YES;
				CLANG_WARN_CONSTANT_CONVERSION = YES;
				CLANG_WARN_DEPRECATED_OBJC_IMPLEMENTATIONS = YES;
				CLANG_WARN_DIRECT_OBJC_ISA_USAGE = YES_ERROR;
				CLANG_WARN_DOCUMENTATION_COMMENTS = YES;
				CLANG_WARN_EMPTY_BODY = YES;
				CLANG_WARN_ENUM_CONVERSION = YES;
				CLANG_WARN_INFINITE_RECURSION = YES;
				CLANG_WARN_INT_CONVERSION = YES;
				CLANG_WARN_NON_LITERAL_NULL_CONVERSION = YES;
				CLANG_WARN_OBJC_IMPLICIT_RETAIN_SELF = YES;
				CLANG_WARN_OBJC_LITERAL_CONVERSION = YES;
				CLANG_WARN_OBJC_ROOT_CLASS = YES_ERROR;
				CLANG_WARN_QUOTED_INCLUDE_IN_FRAMEWORK_HEADER = YES;
				CLANG_WARN_RANGE_LOOP_ANALYSIS = YES;
				CLANG_WARN_STRICT_PROTOTYPES = YES;
				CLANG_WARN_SUSPICIOUS_MOVE = YES;
				CLANG_WARN_UNGUARDED_AVAILABILITY = YES_AGGRESSIVE;
				CLANG_WARN_UNREACHABLE_CODE = YES;
				CLANG_WARN__DUPLICATE_METHOD_MATCH = YES;
				COPY_PHASE_STRIP = NO;
				DEBUG_INFORMATION_FORMAT = "dwarf-with-dsym";
				ENABLE_NS_ASSERTIONS = NO;
				ENABLE_STRICT_OBJC_MSGSEND = YES;
				GCC_C_LANGUAGE_STANDARD = gnu11;
				GCC_NO_COMMON_BLOCKS = YES;
				GCC_WARN_64_TO_32_BIT_CONVERSION = YES;
				GCC_WARN_ABOUT_RETURN_TYPE = YES_ERROR;
				GCC_WARN_UNDECLARED_SELECTOR = YES;
				GCC_WARN_UNINITIALIZED_AUTOS = YES_AGGRESSIVE;
				GCC_WARN_UNUSED_FUNCTION = YES;
				GCC_WARN_UNUSED_VARIABLE = YES;
				IPHONEOS_DEPLOYMENT_TARGET = 13.0;
				MTL_ENABLE_DEBUG_INFO = NO;
				MTL_FAST_MATH = YES;
				SDKROOT = iphoneos;
				SWIFT_COMPILATION_MODE = wholemodule;
				SWIFT_OPTIMIZATION_LEVEL = "-O";
				VALIDATE_PRODUCT = YES;
			};
			name = Release;
		};
		831685DD24F7215B00E5F69F /* Debug */ = {
			isa = XCBuildConfiguration;
			baseConfigurationReference = D46F94EF92E87A9D54B1F210 /* Pods-PubNubClient.debug.xcconfig */;
			buildSettings = {
				ASSETCATALOG_COMPILER_APPICON_NAME = AppIcon;
				CODE_SIGN_STYLE = Automatic;
				DEVELOPMENT_TEAM = UZAPXQTVQ4;
				INFOPLIST_FILE = PubNubClient/Info.plist;
				LD_RUNPATH_SEARCH_PATHS = (
					"$(inherited)",
					"@executable_path/Frameworks",
				);
				PRODUCT_BUNDLE_IDENTIFIER = com.robertmryan.PubNubClient;
				PRODUCT_NAME = "$(TARGET_NAME)";
				SWIFT_VERSION = 5.0;
				TARGETED_DEVICE_FAMILY = "1,2";
			};
			name = Debug;
		};
		831685DE24F7215B00E5F69F /* Release */ = {
			isa = XCBuildConfiguration;
			baseConfigurationReference = FDD5232C23DADE070226936E /* Pods-PubNubClient.release.xcconfig */;
			buildSettings = {
				ASSETCATALOG_COMPILER_APPICON_NAME = AppIcon;
				CODE_SIGN_STYLE = Automatic;
				DEVELOPMENT_TEAM = UZAPXQTVQ4;
				INFOPLIST_FILE = PubNubClient/Info.plist;
				LD_RUNPATH_SEARCH_PATHS = (
					"$(inherited)",
					"@executable_path/Frameworks",
				);
				PRODUCT_BUNDLE_IDENTIFIER = com.robertmryan.PubNubClient;
				PRODUCT_NAME = "$(TARGET_NAME)";
				SWIFT_VERSION = 5.0;
				TARGETED_DEVICE_FAMILY = "1,2";
			};
			name = Release;
		};
/* End XCBuildConfiguration section */

/* Begin XCConfigurationList section */
		831685C324F7215900E5F69F /* Build configuration list for PBXProject "PubNubClient" */ = {
			isa = XCConfigurationList;
			buildConfigurations = (
				831685DA24F7215B00E5F69F /* Debug */,
				831685DB24F7215B00E5F69F /* Release */,
			);
			defaultConfigurationIsVisible = 0;
			defaultConfigurationName = Release;
		};
		831685DC24F7215B00E5F69F /* Build configuration list for PBXNativeTarget "PubNubClient" */ = {
			isa = XCConfigurationList;
			buildConfigurations = (
				831685DD24F7215B00E5F69F /* Debug */,
				831685DE24F7215B00E5F69F /* Release */,
			);
			defaultConfigurationIsVisible = 0;
			defaultConfigurationName = Release;
		};
/* End XCConfigurationList section */
	};
	rootObject = 831685C024F7215900E5F69F /* Project object */;
}
